// !$*UTF8*$!
{
	archiveVersion = 1;
	classes = {
	};
	objectVersion = 55;
	objects = {

/* Begin PBXBuildFile section */
		455363B627665FD900ABA0C6 /* Constant.swift in Sources */ = {isa = PBXBuildFile; fileRef = 455363B527665FD900ABA0C6 /* Constant.swift */; };
		45D0BE3B2767C97A00FC19D8 /* SystemThemeManager.swift in Sources */ = {isa = PBXBuildFile; fileRef = 45D0BE3A2767C97A00FC19D8 /* SystemThemeManager.swift */; };
		45D0BE3D2767CE8300FC19D8 /* Theme.swift in Sources */ = {isa = PBXBuildFile; fileRef = 45D0BE3C2767CE8300FC19D8 /* Theme.swift */; };
		45F0968727579469006994A2 /* NewsAppApp.swift in Sources */ = {isa = PBXBuildFile; fileRef = 45F0968627579469006994A2 /* NewsAppApp.swift */; };
		45F0968B2757946B006994A2 /* Assets.xcassets in Resources */ = {isa = PBXBuildFile; fileRef = 45F0968A2757946B006994A2 /* Assets.xcassets */; };
		45F0968E2757946B006994A2 /* Preview Assets.xcassets in Resources */ = {isa = PBXBuildFile; fileRef = 45F0968D2757946B006994A2 /* Preview Assets.xcassets */; };
		45F096952757963E006994A2 /* HomeView.swift in Sources */ = {isa = PBXBuildFile; fileRef = 45F096942757963E006994A2 /* HomeView.swift */; };
		45F09698275797BE006994A2 /* NewsResponse.swift in Sources */ = {isa = PBXBuildFile; fileRef = 45F09697275797BE006994A2 /* NewsResponse.swift */; };
		45F0969B27579966006994A2 /* NewsEndpoint.swift in Sources */ = {isa = PBXBuildFile; fileRef = 45F0969A27579965006994A2 /* NewsEndpoint.swift */; };
		45F0969F27579A61006994A2 /* APIError.swift in Sources */ = {isa = PBXBuildFile; fileRef = 45F0969E27579A61006994A2 /* APIError.swift */; };
		45F096A127579B2A006994A2 /* NewsService.swift in Sources */ = {isa = PBXBuildFile; fileRef = 45F096A027579B2A006994A2 /* NewsService.swift */; };
		45F096A427579DF9006994A2 /* ResultState.swift in Sources */ = {isa = PBXBuildFile; fileRef = 45F096A327579DF9006994A2 /* ResultState.swift */; };
		45F096A727579E4E006994A2 /* NewsViewModel.swift in Sources */ = {isa = PBXBuildFile; fileRef = 45F096A627579E4E006994A2 /* NewsViewModel.swift */; };
		45F096AD2757A1BE006994A2 /* ArticleView.swift in Sources */ = {isa = PBXBuildFile; fileRef = 45F096AC2757A1BE006994A2 /* ArticleView.swift */; };
		45F096B02757AB9F006994A2 /* URLImage in Frameworks */ = {isa = PBXBuildFile; productRef = 45F096AF2757AB9F006994A2 /* URLImage */; };
		45F096B22757AB9F006994A2 /* URLImageStore in Frameworks */ = {isa = PBXBuildFile; productRef = 45F096B12757AB9F006994A2 /* URLImageStore */; };
		45F096B42757B127006994A2 /* ErrorView.swift in Sources */ = {isa = PBXBuildFile; fileRef = 45F096B32757B127006994A2 /* ErrorView.swift */; };
		45F096B62757BB15006994A2 /* SettingsView.swift in Sources */ = {isa = PBXBuildFile; fileRef = 45F096B52757BB15006994A2 /* SettingsView.swift */; };
		45F096B82757BB7A006994A2 /* FeedView.swift in Sources */ = {isa = PBXBuildFile; fileRef = 45F096B72757BB7A006994A2 /* FeedView.swift */; };
/* End PBXBuildFile section */

/* Begin PBXFileReference section */
		455363B527665FD900ABA0C6 /* Constant.swift */ = {isa = PBXFileReference; lastKnownFileType = sourcecode.swift; path = Constant.swift; sourceTree = "<group>"; };
		45D0BE3A2767C97A00FC19D8 /* SystemThemeManager.swift */ = {isa = PBXFileReference; lastKnownFileType = sourcecode.swift; path = SystemThemeManager.swift; sourceTree = "<group>"; };
		45D0BE3C2767CE8300FC19D8 /* Theme.swift */ = {isa = PBXFileReference; lastKnownFileType = sourcecode.swift; path = Theme.swift; sourceTree = "<group>"; };
		45F0968327579469006994A2 /* NewsApp.app */ = {isa = PBXFileReference; explicitFileType = wrapper.application; includeInIndex = 0; path = NewsApp.app; sourceTree = BUILT_PRODUCTS_DIR; };
		45F0968627579469006994A2 /* NewsAppApp.swift */ = {isa = PBXFileReference; lastKnownFileType = sourcecode.swift; path = NewsAppApp.swift; sourceTree = "<group>"; };
		45F0968A2757946B006994A2 /* Assets.xcassets */ = {isa = PBXFileReference; lastKnownFileType = folder.assetcatalog; path = Assets.xcassets; sourceTree = "<group>"; };
		45F0968D2757946B006994A2 /* Preview Assets.xcassets */ = {isa = PBXFileReference; lastKnownFileType = folder.assetcatalog; path = "Preview Assets.xcassets"; sourceTree = "<group>"; };
		45F096942757963E006994A2 /* HomeView.swift */ = {isa = PBXFileReference; lastKnownFileType = sourcecode.swift; path = HomeView.swift; sourceTree = "<group>"; };
		45F09697275797BE006994A2 /* NewsResponse.swift */ = {isa = PBXFileReference; lastKnownFileType = sourcecode.swift; path = NewsResponse.swift; sourceTree = "<group>"; };
		45F0969A27579965006994A2 /* NewsEndpoint.swift */ = {isa = PBXFileReference; lastKnownFileType = sourcecode.swift; path = NewsEndpoint.swift; sourceTree = "<group>"; };
		45F0969E27579A61006994A2 /* APIError.swift */ = {isa = PBXFileReference; lastKnownFileType = sourcecode.swift; path = APIError.swift; sourceTree = "<group>"; };
		45F096A027579B2A006994A2 /* NewsService.swift */ = {isa = PBXFileReference; lastKnownFileType = sourcecode.swift; path = NewsService.swift; sourceTree = "<group>"; };
		45F096A327579DF9006994A2 /* ResultState.swift */ = {isa = PBXFileReference; lastKnownFileType = sourcecode.swift; path = ResultState.swift; sourceTree = "<group>"; };
		45F096A627579E4E006994A2 /* NewsViewModel.swift */ = {isa = PBXFileReference; lastKnownFileType = sourcecode.swift; path = NewsViewModel.swift; sourceTree = "<group>"; };
		45F096AC2757A1BE006994A2 /* ArticleView.swift */ = {isa = PBXFileReference; lastKnownFileType = sourcecode.swift; path = ArticleView.swift; sourceTree = "<group>"; };
		45F096B32757B127006994A2 /* ErrorView.swift */ = {isa = PBXFileReference; lastKnownFileType = sourcecode.swift; path = ErrorView.swift; sourceTree = "<group>"; };
		45F096B52757BB15006994A2 /* SettingsView.swift */ = {isa = PBXFileReference; lastKnownFileType = sourcecode.swift; path = SettingsView.swift; sourceTree = "<group>"; };
		45F096B72757BB7A006994A2 /* FeedView.swift */ = {isa = PBXFileReference; lastKnownFileType = sourcecode.swift; path = FeedView.swift; sourceTree = "<group>"; };
/* End PBXFileReference section */

/* Begin PBXFrameworksBuildPhase section */
		45F0968027579469006994A2 /* Frameworks */ = {
			isa = PBXFrameworksBuildPhase;
			buildActionMask = 2147483647;
			files = (
				45F096B22757AB9F006994A2 /* URLImageStore in Frameworks */,
				45F096B02757AB9F006994A2 /* URLImage in Frameworks */,
			);
			runOnlyForDeploymentPostprocessing = 0;
		};
/* End PBXFrameworksBuildPhase section */

/* Begin PBXGroup section */
		455363B427665F4E00ABA0C6 /* Resourses */ = {
			isa = PBXGroup;
			children = (
				45F0968A2757946B006994A2 /* Assets.xcassets */,
				455363B527665FD900ABA0C6 /* Constant.swift */,
			);
			path = Resourses;
			sourceTree = "<group>";
		};
		45F0967A27579469006994A2 = {
			isa = PBXGroup;
			children = (
				45F0968527579469006994A2 /* NewsApp */,
				45F0968427579469006994A2 /* Products */,
			);
			sourceTree = "<group>";
		};
		45F0968427579469006994A2 /* Products */ = {
			isa = PBXGroup;
			children = (
				45F0968327579469006994A2 /* NewsApp.app */,
			);
			name = Products;
			sourceTree = "<group>";
		};
		45F0968527579469006994A2 /* NewsApp */ = {
			isa = PBXGroup;
			children = (
				455363B427665F4E00ABA0C6 /* Resourses */,
				45F0968627579469006994A2 /* NewsAppApp.swift */,
				45F096A527579DFD006994A2 /* States */,
				45F096A227579B2E006994A2 /* Services */,
				45F0969D27579A48006994A2 /* Error */,
				45F0969C27579969006994A2 /* Endpoint */,
				45F09699275797C1006994A2 /* Model */,
				45F0969627579643006994A2 /* Views */,
				45F096A827579E59006994A2 /* ViewModel */,
				45F0968C2757946B006994A2 /* Preview Content */,
			);
			path = NewsApp;
			sourceTree = "<group>";
		};
		45F0968C2757946B006994A2 /* Preview Content */ = {
			isa = PBXGroup;
			children = (
				45F0968D2757946B006994A2 /* Preview Assets.xcassets */,
			);
			path = "Preview Content";
			sourceTree = "<group>";
		};
		45F0969627579643006994A2 /* Views */ = {
			isa = PBXGroup;
			children = (
				45F096942757963E006994A2 /* HomeView.swift */,
				45F096AC2757A1BE006994A2 /* ArticleView.swift */,
				45F096B32757B127006994A2 /* ErrorView.swift */,
				45F096B52757BB15006994A2 /* SettingsView.swift */,
				45F096B72757BB7A006994A2 /* FeedView.swift */,
			);
			path = Views;
			sourceTree = "<group>";
		};
		45F09699275797C1006994A2 /* Model */ = {
			isa = PBXGroup;
			children = (
				45F09697275797BE006994A2 /* NewsResponse.swift */,
			);
			path = Model;
			sourceTree = "<group>";
		};
		45F0969C27579969006994A2 /* Endpoint */ = {
			isa = PBXGroup;
			children = (
				45F0969A27579965006994A2 /* NewsEndpoint.swift */,
			);
			path = Endpoint;
			sourceTree = "<group>";
		};
		45F0969D27579A48006994A2 /* Error */ = {
			isa = PBXGroup;
			children = (
				45F0969E27579A61006994A2 /* APIError.swift */,
			);
			path = Error;
			sourceTree = "<group>";
		};
		45F096A227579B2E006994A2 /* Services */ = {
			isa = PBXGroup;
			children = (
				45F096A027579B2A006994A2 /* NewsService.swift */,
				45D0BE3A2767C97A00FC19D8 /* SystemThemeManager.swift */,
				45D0BE3C2767CE8300FC19D8 /* Theme.swift */,
			);
			path = Services;
			sourceTree = "<group>";
		};
		45F096A527579DFD006994A2 /* States */ = {
			isa = PBXGroup;
			children = (
				45F096A327579DF9006994A2 /* ResultState.swift */,
			);
			path = States;
			sourceTree = "<group>";
		};
		45F096A827579E59006994A2 /* ViewModel */ = {
			isa = PBXGroup;
			children = (
				45F096A627579E4E006994A2 /* NewsViewModel.swift */,
			);
			path = ViewModel;
			sourceTree = "<group>";
		};
/* End PBXGroup section */

/* Begin PBXNativeTarget section */
		45F0968227579469006994A2 /* NewsApp */ = {
			isa = PBXNativeTarget;
			buildConfigurationList = 45F096912757946B006994A2 /* Build configuration list for PBXNativeTarget "NewsApp" */;
			buildPhases = (
				45F0967F27579469006994A2 /* Sources */,
				45F0968027579469006994A2 /* Frameworks */,
				45F0968127579469006994A2 /* Resources */,
			);
			buildRules = (
			);
			dependencies = (
			);
			name = NewsApp;
			packageProductDependencies = (
				45F096AF2757AB9F006994A2 /* URLImage */,
				45F096B12757AB9F006994A2 /* URLImageStore */,
			);
			productName = NewsApp;
			productReference = 45F0968327579469006994A2 /* NewsApp.app */;
			productType = "com.apple.product-type.application";
		};
/* End PBXNativeTarget section */

/* Begin PBXProject section */
		45F0967B27579469006994A2 /* Project object */ = {
			isa = PBXProject;
			attributes = {
				BuildIndependentTargetsInParallel = 1;
				LastSwiftUpdateCheck = 1300;
				LastUpgradeCheck = 1300;
				TargetAttributes = {
					45F0968227579469006994A2 = {
						CreatedOnToolsVersion = 13.0;
					};
				};
			};
			buildConfigurationList = 45F0967E27579469006994A2 /* Build configuration list for PBXProject "NewsApp" */;
			compatibilityVersion = "Xcode 13.0";
			developmentRegion = en;
			hasScannedForEncodings = 0;
			knownRegions = (
				en,
				Base,
			);
			mainGroup = 45F0967A27579469006994A2;
			packageReferences = (
				45F096AE2757AB9F006994A2 /* XCRemoteSwiftPackageReference "url-image" */,
			);
			productRefGroup = 45F0968427579469006994A2 /* Products */;
			projectDirPath = "";
			projectRoot = "";
			targets = (
				45F0968227579469006994A2 /* NewsApp */,
			);
		};
/* End PBXProject section */

/* Begin PBXResourcesBuildPhase section */
		45F0968127579469006994A2 /* Resources */ = {
			isa = PBXResourcesBuildPhase;
			buildActionMask = 2147483647;
			files = (
				45F0968E2757946B006994A2 /* Preview Assets.xcassets in Resources */,
				45F0968B2757946B006994A2 /* Assets.xcassets in Resources */,
			);
			runOnlyForDeploymentPostprocessing = 0;
		};
/* End PBXResourcesBuildPhase section */

/* Begin PBXSourcesBuildPhase section */
		45F0967F27579469006994A2 /* Sources */ = {
			isa = PBXSourcesBuildPhase;
			buildActionMask = 2147483647;
			files = (
				45F096A427579DF9006994A2 /* ResultState.swift in Sources */,
				45F096A127579B2A006994A2 /* NewsService.swift in Sources */,
				45F096952757963E006994A2 /* HomeView.swift in Sources */,
				45F0968727579469006994A2 /* NewsAppApp.swift in Sources */,
				45F096B82757BB7A006994A2 /* FeedView.swift in Sources */,
				45F09698275797BE006994A2 /* NewsResponse.swift in Sources */,
				45F096B42757B127006994A2 /* ErrorView.swift in Sources */,
				45F0969F27579A61006994A2 /* APIError.swift in Sources */,
				45F0969B27579966006994A2 /* NewsEndpoint.swift in Sources */,
				455363B627665FD900ABA0C6 /* Constant.swift in Sources */,
				45F096AD2757A1BE006994A2 /* ArticleView.swift in Sources */,
				45F096A727579E4E006994A2 /* NewsViewModel.swift in Sources */,
				45D0BE3D2767CE8300FC19D8 /* Theme.swift in Sources */,
				45D0BE3B2767C97A00FC19D8 /* SystemThemeManager.swift in Sources */,
				45F096B62757BB15006994A2 /* SettingsView.swift in Sources */,
			);
			runOnlyForDeploymentPostprocessing = 0;
		};
/* End PBXSourcesBuildPhase section */

/* Begin XCBuildConfiguration section */
		45F0968F2757946B006994A2 /* Debug */ = {
			isa = XCBuildConfiguration;
			buildSettings = {
				ALWAYS_SEARCH_USER_PATHS = NO;
				CLANG_ANALYZER_NONNULL = YES;
				CLANG_ANALYZER_NUMBER_OBJECT_CONVERSION = YES_AGGRESSIVE;
				CLANG_CXX_LANGUAGE_STANDARD = "gnu++17";
				CLANG_CXX_LIBRARY = "libc++";
				CLANG_ENABLE_MODULES = YES;
				CLANG_ENABLE_OBJC_ARC = YES;
				CLANG_ENABLE_OBJC_WEAK = YES;
				CLANG_WARN_BLOCK_CAPTURE_AUTORELEASING = YES;
				CLANG_WARN_BOOL_CONVERSION = YES;
				CLANG_WARN_COMMA = YES;
				CLANG_WARN_CONSTANT_CONVERSION = YES;
				CLANG_WARN_DEPRECATED_OBJC_IMPLEMENTATIONS = YES;
				CLANG_WARN_DIRECT_OBJC_ISA_USAGE = YES_ERROR;
				CLANG_WARN_DOCUMENTATION_COMMENTS = YES;
				CLANG_WARN_EMPTY_BODY = YES;
				CLANG_WARN_ENUM_CONVERSION = YES;
				CLANG_WARN_INFINITE_RECURSION = YES;
				CLANG_WARN_INT_CONVERSION = YES;
				CLANG_WARN_NON_LITERAL_NULL_CONVERSION = YES;
				CLANG_WARN_OBJC_IMPLICIT_RETAIN_SELF = YES;
				CLANG_WARN_OBJC_LITERAL_CONVERSION = YES;
				CLANG_WARN_OBJC_ROOT_CLASS = YES_ERROR;
				CLANG_WARN_QUOTED_INCLUDE_IN_FRAMEWORK_HEADER = YES;
				CLANG_WARN_RANGE_LOOP_ANALYSIS = YES;
				CLANG_WARN_STRICT_PROTOTYPES = YES;
				CLANG_WARN_SUSPICIOUS_MOVE = YES;
				CLANG_WARN_UNGUARDED_AVAILABILITY = YES_AGGRESSIVE;
				CLANG_WARN_UNREACHABLE_CODE = YES;
				CLANG_WARN__DUPLICATE_METHOD_MATCH = YES;
				COPY_PHASE_STRIP = NO;
				DEBUG_INFORMATION_FORMAT = dwarf;
				ENABLE_STRICT_OBJC_MSGSEND = YES;
				ENABLE_TESTABILITY = YES;
				GCC_C_LANGUAGE_STANDARD = gnu11;
				GCC_DYNAMIC_NO_PIC = NO;
				GCC_NO_COMMON_BLOCKS = YES;
				GCC_OPTIMIZATION_LEVEL = 0;
				GCC_PREPROCESSOR_DEFINITIONS = (
					"DEBUG=1",
					"$(inherited)",
				);
				GCC_WARN_64_TO_32_BIT_CONVERSION = YES;
				GCC_WARN_ABOUT_RETURN_TYPE = YES_ERROR;
				GCC_WARN_UNDECLARED_SELECTOR = YES;
				GCC_WARN_UNINITIALIZED_AUTOS = YES_AGGRESSIVE;
				GCC_WARN_UNUSED_FUNCTION = YES;
				GCC_WARN_UNUSED_VARIABLE = YES;
				IPHONEOS_DEPLOYMENT_TARGET = 15.0;
				MTL_ENABLE_DEBUG_INFO = INCLUDE_SOURCE;
				MTL_FAST_MATH = YES;
				ONLY_ACTIVE_ARCH = YES;
				SDKROOT = iphoneos;
				SWIFT_ACTIVE_COMPILATION_CONDITIONS = DEBUG;
				SWIFT_OPTIMIZATION_LEVEL = "-Onone";
			};
			name = Debug;
		};
		45F096902757946B006994A2 /* Release */ = {
			isa = XCBuildConfiguration;
			buildSettings = {
				ALWAYS_SEARCH_USER_PATHS = NO;
				CLANG_ANALYZER_NONNULL = YES;
				CLANG_ANALYZER_NUMBER_OBJECT_CONVERSION = YES_AGGRESSIVE;
				CLANG_CXX_LANGUAGE_STANDARD = "gnu++17";
				CLANG_CXX_LIBRARY = "libc++";
				CLANG_ENABLE_MODULES = YES;
				CLANG_ENABLE_OBJC_ARC = YES;
				CLANG_ENABLE_OBJC_WEAK = YES;
				CLANG_WARN_BLOCK_CAPTURE_AUTORELEASING = YES;
				CLANG_WARN_BOOL_CONVERSION = YES;
				CLANG_WARN_COMMA = YES;
				CLANG_WARN_CONSTANT_CONVERSION = YES;
				CLANG_WARN_DEPRECATED_OBJC_IMPLEMENTATIONS = YES;
				CLANG_WARN_DIRECT_OBJC_ISA_USAGE = YES_ERROR;
				CLANG_WARN_DOCUMENTATION_COMMENTS = YES;
				CLANG_WARN_EMPTY_BODY = YES;
				CLANG_WARN_ENUM_CONVERSION = YES;
				CLANG_WARN_INFINITE_RECURSION = YES;
				CLANG_WARN_INT_CONVERSION = YES;
				CLANG_WARN_NON_LITERAL_NULL_CONVERSION = YES;
				CLANG_WARN_OBJC_IMPLICIT_RETAIN_SELF = YES;
				CLANG_WARN_OBJC_LITERAL_CONVERSION = YES;
				CLANG_WARN_OBJC_ROOT_CLASS = YES_ERROR;
				CLANG_WARN_QUOTED_INCLUDE_IN_FRAMEWORK_HEADER = YES;
				CLANG_WARN_RANGE_LOOP_ANALYSIS = YES;
				CLANG_WARN_STRICT_PROTOTYPES = YES;
				CLANG_WARN_SUSPICIOUS_MOVE = YES;
				CLANG_WARN_UNGUARDED_AVAILABILITY = YES_AGGRESSIVE;
				CLANG_WARN_UNREACHABLE_CODE = YES;
				CLANG_WARN__DUPLICATE_METHOD_MATCH = YES;
				COPY_PHASE_STRIP = NO;
				DEBUG_INFORMATION_FORMAT = "dwarf-with-dsym";
				ENABLE_NS_ASSERTIONS = NO;
				ENABLE_STRICT_OBJC_MSGSEND = YES;
				GCC_C_LANGUAGE_STANDARD = gnu11;
				GCC_NO_COMMON_BLOCKS = YES;
				GCC_WARN_64_TO_32_BIT_CONVERSION = YES;
				GCC_WARN_ABOUT_RETURN_TYPE = YES_ERROR;
				GCC_WARN_UNDECLARED_SELECTOR = YES;
				GCC_WARN_UNINITIALIZED_AUTOS = YES_AGGRESSIVE;
				GCC_WARN_UNUSED_FUNCTION = YES;
				GCC_WARN_UNUSED_VARIABLE = YES;
				IPHONEOS_DEPLOYMENT_TARGET = 15.0;
				MTL_ENABLE_DEBUG_INFO = NO;
				MTL_FAST_MATH = YES;
				SDKROOT = iphoneos;
				SWIFT_COMPILATION_MODE = wholemodule;
				SWIFT_OPTIMIZATION_LEVEL = "-O";
				VALIDATE_PRODUCT = YES;
			};
			name = Release;
		};
		45F096922757946B006994A2 /* Debug */ = {
			isa = XCBuildConfiguration;
			buildSettings = {
				ASSETCATALOG_COMPILER_APPICON_NAME = AppIcon;
				ASSETCATALOG_COMPILER_GLOBAL_ACCENT_COLOR_NAME = AccentColor;
				CODE_SIGN_STYLE = Automatic;
				CURRENT_PROJECT_VERSION = 1;
				DEVELOPMENT_ASSET_PATHS = "\"NewsApp/Preview Content\"";
				DEVELOPMENT_TEAM = 88GGD7677D;
				ENABLE_PREVIEWS = YES;
				GENERATE_INFOPLIST_FILE = YES;
				INFOPLIST_KEY_UIApplicationSceneManifest_Generation = YES;
				INFOPLIST_KEY_UIApplicationSupportsIndirectInputEvents = YES;
				INFOPLIST_KEY_UILaunchScreen_Generation = YES;
				INFOPLIST_KEY_UISupportedInterfaceOrientations_iPad = "UIInterfaceOrientationPortrait UIInterfaceOrientationPortraitUpsideDown UIInterfaceOrientationLandscapeLeft UIInterfaceOrientationLandscapeRight";
				INFOPLIST_KEY_UISupportedInterfaceOrientations_iPhone = "UIInterfaceOrientationPortrait UIInterfaceOrientationLandscapeLeft UIInterfaceOrientationLandscapeRight";
				IPHONEOS_DEPLOYMENT_TARGET = 14.0;
				LD_RUNPATH_SEARCH_PATHS = (
					"$(inherited)",
					"@executable_path/Frameworks",
				);
				MARKETING_VERSION = 1.0;
				PRODUCT_BUNDLE_IDENTIFIER = com.borisbolsh.NewsApp;
				PRODUCT_NAME = "$(TARGET_NAME)";
				SWIFT_EMIT_LOC_STRINGS = YES;
				SWIFT_VERSION = 5.0;
				TARGETED_DEVICE_FAMILY = "1,2";
			};
			name = Debug;
		};
		45F096932757946B006994A2 /* Release */ = {
			isa = XCBuildConfiguration;
			buildSettings = {
				ASSETCATALOG_COMPILER_APPICON_NAME = AppIcon;
				ASSETCATALOG_COMPILER_GLOBAL_ACCENT_COLOR_NAME = AccentColor;
				CODE_SIGN_STYLE = Automatic;
				CURRENT_PROJECT_VERSION = 1;
				DEVELOPMENT_ASSET_PATHS = "\"NewsApp/Preview Content\"";
				DEVELOPMENT_TEAM = 88GGD7677D;
				ENABLE_PREVIEWS = YES;
				GENERATE_INFOPLIST_FILE = YES;
				INFOPLIST_KEY_UIApplicationSceneManifest_Generation = YES;
				INFOPLIST_KEY_UIApplicationSupportsIndirectInputEvents = YES;
				INFOPLIST_KEY_UILaunchScreen_Generation = YES;
				INFOPLIST_KEY_UISupportedInterfaceOrientations_iPad = "UIInterfaceOrientationPortrait UIInterfaceOrientationPortraitUpsideDown UIInterfaceOrientationLandscapeLeft UIInterfaceOrientationLandscapeRight";
				INFOPLIST_KEY_UISupportedInterfaceOrientations_iPhone = "UIInterfaceOrientationPortrait UIInterfaceOrientationLandscapeLeft UIInterfaceOrientationLandscapeRight";
				IPHONEOS_DEPLOYMENT_TARGET = 14.0;
				LD_RUNPATH_SEARCH_PATHS = (
					"$(inherited)",
					"@executable_path/Frameworks",
				);
				MARKETING_VERSION = 1.0;
				PRODUCT_BUNDLE_IDENTIFIER = com.borisbolsh.NewsApp;
				PRODUCT_NAME = "$(TARGET_NAME)";
				SWIFT_EMIT_LOC_STRINGS = YES;
				SWIFT_VERSION = 5.0;
				TARGETED_DEVICE_FAMILY = "1,2";
			};
			name = Release;
		};
/* End XCBuildConfiguration section */

/* Begin XCConfigurationList section */
		45F0967E27579469006994A2 /* Build configuration list for PBXProject "NewsApp" */ = {
			isa = XCConfigurationList;
			buildConfigurations = (
				45F0968F2757946B006994A2 /* Debug */,
				45F096902757946B006994A2 /* Release */,
			);
			defaultConfigurationIsVisible = 0;
			defaultConfigurationName = Release;
		};
		45F096912757946B006994A2 /* Build configuration list for PBXNativeTarget "NewsApp" */ = {
			isa = XCConfigurationList;
			buildConfigurations = (
				45F096922757946B006994A2 /* Debug */,
				45F096932757946B006994A2 /* Release */,
			);
			defaultConfigurationIsVisible = 0;
			defaultConfigurationName = Release;
		};
/* End XCConfigurationList section */

/* Begin XCRemoteSwiftPackageReference section */
		45F096AE2757AB9F006994A2 /* XCRemoteSwiftPackageReference "url-image" */ = {
			isa = XCRemoteSwiftPackageReference;
			repositoryURL = "https://github.com/dmytro-anokhin/url-image";
			requirement = {
				branch = main;
				kind = branch;
			};
		};
/* End XCRemoteSwiftPackageReference section */

/* Begin XCSwiftPackageProductDependency section */
		45F096AF2757AB9F006994A2 /* URLImage */ = {
			isa = XCSwiftPackageProductDependency;
			package = 45F096AE2757AB9F006994A2 /* XCRemoteSwiftPackageReference "url-image" */;
			productName = URLImage;
		};
		45F096B12757AB9F006994A2 /* URLImageStore */ = {
			isa = XCSwiftPackageProductDependency;
			package = 45F096AE2757AB9F006994A2 /* XCRemoteSwiftPackageReference "url-image" */;
			productName = URLImageStore;
		};
/* End XCSwiftPackageProductDependency section */
	};
	rootObject = 45F0967B27579469006994A2 /* Project object */;
}
